
Microsoft Visual Studio Solution File, Format Version 12.00
# Visual Studio 15
VisualStudioVersion = 15.0.28307.106
MinimumVisualStudioVersion = 10.0.40219.1
Project("{FAE04EC0-301F-11D3-BF4B-00C04F79EFBC}") = "ImageUploader.Android", "ImageUploader\ImageUploader.Android\ImageUploader.Android.csproj", "{D5F2B8A2-0D07-4758-A9EB-692C8E3A9BC9}"
EndProject
Project("{FAE04EC0-301F-11D3-BF4B-00C04F79EFBC}") = "ImageUploader.iOS", "ImageUploader\ImageUploader.iOS\ImageUploader.iOS.csproj", "{BF57DBDB-B556-4AD4-B3CE-A248A8F837C9}"
EndProject
Project("{FAE04EC0-301F-11D3-BF4B-00C04F79EFBC}") = "ImageUploader", "ImageUploader\ImageUploader\ImageUploader.csproj", "{053A93A7-6DE5-472B-A35C-C38CC56D3628}"
EndProject
Global
	GlobalSection(SolutionConfigurationPlatforms) = preSolution
		Ad-Hoc|Any CPU = Ad-Hoc|Any CPU
		Ad-Hoc|iPhone = Ad-Hoc|iPhone
		Ad-Hoc|iPhoneSimulator = Ad-Hoc|iPhoneSimulator
		AppStore|Any CPU = AppStore|Any CPU
		AppStore|iPhone = AppStore|iPhone
		AppStore|iPhoneSimulator = AppStore|iPhoneSimulator
		Debug|Any CPU = Debug|Any CPU
		Debug|iPhone = Debug|iPhone
		Debug|iPhoneSimulator = Debug|iPhoneSimulator
		Release|Any CPU = Release|Any CPU
		Release|iPhone = Release|iPhone
		Release|iPhoneSimulator = Release|iPhoneSimulator
	EndGlobalSection
	GlobalSection(ProjectConfigurationPlatforms) = postSolution
		{D5F2B8A2-0D07-4758-A9EB-692C8E3A9BC9}.Ad-Hoc|Any CPU.ActiveCfg = Release|Any CPU
		{D5F2B8A2-0D07-4758-A9EB-692C8E3A9BC9}.Ad-Hoc|Any CPU.Build.0 = Release|Any CPU
		{D5F2B8A2-0D07-4758-A9EB-692C8E3A9BC9}.Ad-Hoc|Any CPU.Deploy.0 = Release|Any CPU
		{D5F2B8A2-0D07-4758-A9EB-692C8E3A9BC9}.Ad-Hoc|iPhone.ActiveCfg = Release|Any CPU
		{D5F2B8A2-0D07-4758-A9EB-692C8E3A9BC9}.Ad-Hoc|iPhone.Build.0 = Release|Any CPU
		{D5F2B8A2-0D07-4758-A9EB-692C8E3A9BC9}.Ad-Hoc|iPhone.Deploy.0 = Release|Any CPU
		{D5F2B8A2-0D07-4758-A9EB-692C8E3A9BC9}.Ad-Hoc|iPhoneSimulator.ActiveCfg = Release|Any CPU
		{D5F2B8A2-0D07-4758-A9EB-692C8E3A9BC9}.Ad-Hoc|iPhoneSimulator.Build.0 = Release|Any CPU
		{D5F2B8A2-0D07-4758-A9EB-692C8E3A9BC9}.Ad-Hoc|iPhoneSimulator.Deploy.0 = Release|Any CPU
		{D5F2B8A2-0D07-4758-A9EB-692C8E3A9BC9}.AppStore|Any CPU.ActiveCfg = Release|Any CPU
		{D5F2B8A2-0D07-4758-A9EB-692C8E3A9BC9}.AppStore|Any CPU.Build.0 = Release|Any CPU
		{D5F2B8A2-0D07-4758-A9EB-692C8E3A9BC9}.AppStore|Any CPU.Deploy.0 = Release|Any CPU
		{D5F2B8A2-0D07-4758-A9EB-692C8E3A9BC9}.AppStore|iPhone.ActiveCfg = Release|Any CPU
		{D5F2B8A2-0D07-4758-A9EB-692C8E3A9BC9}.AppStore|iPhone.Build.0 = Release|Any CPU
		{D5F2B8A2-0D07-4758-A9EB-692C8E3A9BC9}.AppStore|iPhone.Deploy.0 = Release|Any CPU
		{D5F2B8A2-0D07-4758-A9EB-692C8E3A9BC9}.AppStore|iPhoneSimulator.ActiveCfg = Release|Any CPU
		{D5F2B8A2-0D07-4758-A9EB-692C8E3A9BC9}.AppStore|iPhoneSimulator.Build.0 = Release|Any CPU
		{D5F2B8A2-0D07-4758-A9EB-692C8E3A9BC9}.AppStore|iPhoneSimulator.Deploy.0 = Release|Any CPU
		{D5F2B8A2-0D07-4758-A9EB-692C8E3A9BC9}.Debug|Any CPU.ActiveCfg = Debug|Any CPU
		{D5F2B8A2-0D07-4758-A9EB-692C8E3A9BC9}.Debug|Any CPU.Build.0 = Debug|Any CPU
		{D5F2B8A2-0D07-4758-A9EB-692C8E3A9BC9}.Debug|Any CPU.Deploy.0 = Debug|Any CPU
		{D5F2B8A2-0D07-4758-A9EB-692C8E3A9BC9}.Debug|iPhone.ActiveCfg = Debug|Any CPU
		{D5F2B8A2-0D07-4758-A9EB-692C8E3A9BC9}.Debug|iPhone.Build.0 = Debug|Any CPU
		{D5F2B8A2-0D07-4758-A9EB-692C8E3A9BC9}.Debug|iPhone.Deploy.0 = Debug|Any CPU
		{D5F2B8A2-0D07-4758-A9EB-692C8E3A9BC9}.Debug|iPhoneSimulator.ActiveCfg = Debug|Any CPU
		{D5F2B8A2-0D07-4758-A9EB-692C8E3A9BC9}.Debug|iPhoneSimulator.Build.0 = Debug|Any CPU
		{D5F2B8A2-0D07-4758-A9EB-692C8E3A9BC9}.Debug|iPhoneSimulator.Deploy.0 = Debug|Any CPU
		{D5F2B8A2-0D07-4758-A9EB-692C8E3A9BC9}.Release|Any CPU.ActiveCfg = Release|Any CPU
		{D5F2B8A2-0D07-4758-A9EB-692C8E3A9BC9}.Release|Any CPU.Build.0 = Release|Any CPU
		{D5F2B8A2-0D07-4758-A9EB-692C8E3A9BC9}.Release|Any CPU.Deploy.0 = Release|Any CPU
		{D5F2B8A2-0D07-4758-A9EB-692C8E3A9BC9}.Release|iPhone.ActiveCfg = Release|Any CPU
		{D5F2B8A2-0D07-4758-A9EB-692C8E3A9BC9}.Release|iPhone.Build.0 = Release|Any CPU
		{D5F2B8A2-0D07-4758-A9EB-692C8E3A9BC9}.Release|iPhone.Deploy.0 = Release|Any CPU
		{D5F2B8A2-0D07-4758-A9EB-692C8E3A9BC9}.Release|iPhoneSimulator.ActiveCfg = Release|Any CPU
		{D5F2B8A2-0D07-4758-A9EB-692C8E3A9BC9}.Release|iPhoneSimulator.Build.0 = Release|Any CPU
		{D5F2B8A2-0D07-4758-A9EB-692C8E3A9BC9}.Release|iPhoneSimulator.Deploy.0 = Release|Any CPU
		{BF57DBDB-B556-4AD4-B3CE-A248A8F837C9}.Ad-Hoc|Any CPU.ActiveCfg = Ad-Hoc|iPhone
		{BF57DBDB-B556-4AD4-B3CE-A248A8F837C9}.Ad-Hoc|Any CPU.Build.0 = Ad-Hoc|iPhone
		{BF57DBDB-B556-4AD4-B3CE-A248A8F837C9}.Ad-Hoc|Any CPU.Deploy.0 = Ad-Hoc|iPhone
		{BF57DBDB-B556-4AD4-B3CE-A248A8F837C9}.Ad-Hoc|iPhone.ActiveCfg = Ad-Hoc|iPhone
		{BF57DBDB-B556-4AD4-B3CE-A248A8F837C9}.Ad-Hoc|iPhone.Build.0 = Ad-Hoc|iPhone
		{BF57DBDB-B556-4AD4-B3CE-A248A8F837C9}.Ad-Hoc|iPhone.Deploy.0 = Ad-Hoc|iPhone
		{BF57DBDB-B556-4AD4-B3CE-A248A8F837C9}.Ad-Hoc|iPhoneSimulator.ActiveCfg = Ad-Hoc|iPhoneSimulator
		{BF57DBDB-B556-4AD4-B3CE-A248A8F837C9}.Ad-Hoc|iPhoneSimulator.Build.0 = Ad-Hoc|iPhoneSimulator
		{BF57DBDB-B556-4AD4-B3CE-A248A8F837C9}.Ad-Hoc|iPhoneSimulator.Deploy.0 = Ad-Hoc|iPhoneSimulator
		{BF57DBDB-B556-4AD4-B3CE-A248A8F837C9}.AppStore|Any CPU.ActiveCfg = AppStore|iPhone
		{BF57DBDB-B556-4AD4-B3CE-A248A8F837C9}.AppStore|Any CPU.Build.0 = AppStore|iPhone
		{BF57DBDB-B556-4AD4-B3CE-A248A8F837C9}.AppStore|Any CPU.Deploy.0 = AppStore|iPhone
		{BF57DBDB-B556-4AD4-B3CE-A248A8F837C9}.AppStore|iPhone.ActiveCfg = AppStore|iPhone
		{BF57DBDB-B556-4AD4-B3CE-A248A8F837C9}.AppStore|iPhone.Build.0 = AppStore|iPhone
		{BF57DBDB-B556-4AD4-B3CE-A248A8F837C9}.AppStore|iPhone.Deploy.0 = AppStore|iPhone
		{BF57DBDB-B556-4AD4-B3CE-A248A8F837C9}.AppStore|iPhoneSimulator.ActiveCfg = AppStore|iPhoneSimulator
		{BF57DBDB-B556-4AD4-B3CE-A248A8F837C9}.AppStore|iPhoneSimulator.Build.0 = AppStore|iPhoneSimulator
		{BF57DBDB-B556-4AD4-B3CE-A248A8F837C9}.AppStore|iPhoneSimulator.Deploy.0 = AppStore|iPhoneSimulator
		{BF57DBDB-B556-4AD4-B3CE-A248A8F837C9}.Debug|Any CPU.ActiveCfg = Debug|iPhoneSimulator
		{BF57DBDB-B556-4AD4-B3CE-A248A8F837C9}.Debug|Any CPU.Build.0 = Debug|iPhoneSimulator
		{BF57DBDB-B556-4AD4-B3CE-A248A8F837C9}.Debug|Any CPU.Deploy.0 = Debug|iPhoneSimulator
		{BF57DBDB-B556-4AD4-B3CE-A248A8F837C9}.Debug|iPhone.ActiveCfg = Debug|iPhone
		{BF57DBDB-B556-4AD4-B3CE-A248A8F837C9}.Debug|iPhone.Build.0 = Debug|iPhone
		{BF57DBDB-B556-4AD4-B3CE-A248A8F837C9}.Debug|iPhone.Deploy.0 = Debug|iPhone
		{BF57DBDB-B556-4AD4-B3CE-A248A8F837C9}.Debug|iPhoneSimulator.ActiveCfg = Debug|iPhoneSimulator
		{BF57DBDB-B556-4AD4-B3CE-A248A8F837C9}.Debug|iPhoneSimulator.Build.0 = Debug|iPhoneSimulator
		{BF57DBDB-B556-4AD4-B3CE-A248A8F837C9}.Debug|iPhoneSimulator.Deploy.0 = Debug|iPhoneSimulator
		{BF57DBDB-B556-4AD4-B3CE-A248A8F837C9}.Release|Any CPU.ActiveCfg = Release|iPhone
		{BF57DBDB-B556-4AD4-B3CE-A248A8F837C9}.Release|Any CPU.Build.0 = Release|iPhone
		{BF57DBDB-B556-4AD4-B3CE-A248A8F837C9}.Release|Any CPU.Deploy.0 = Release|iPhone
		{BF57DBDB-B556-4AD4-B3CE-A248A8F837C9}.Release|iPhone.ActiveCfg = Release|iPhone
		{BF57DBDB-B556-4AD4-B3CE-A248A8F837C9}.Release|iPhone.Build.0 = Release|iPhone
		{BF57DBDB-B556-4AD4-B3CE-A248A8F837C9}.Release|iPhone.Deploy.0 = Release|iPhone
		{BF57DBDB-B556-4AD4-B3CE-A248A8F837C9}.Release|iPhoneSimulator.ActiveCfg = Release|iPhoneSimulator
		{BF57DBDB-B556-4AD4-B3CE-A248A8F837C9}.Release|iPhoneSimulator.Build.0 = Release|iPhoneSimulator
		{BF57DBDB-B556-4AD4-B3CE-A248A8F837C9}.Release|iPhoneSimulator.Deploy.0 = Release|iPhoneSimulator
		{053A93A7-6DE5-472B-A35C-C38CC56D3628}.Ad-Hoc|Any CPU.ActiveCfg = Debug|Any CPU
		{053A93A7-6DE5-472B-A35C-C38CC56D3628}.Ad-Hoc|Any CPU.Build.0 = Debug|Any CPU
		{053A93A7-6DE5-472B-A35C-C38CC56D3628}.Ad-Hoc|Any CPU.Deploy.0 = Debug|Any CPU
		{053A93A7-6DE5-472B-A35C-C38CC56D3628}.Ad-Hoc|iPhone.ActiveCfg = Debug|Any CPU
		{053A93A7-6DE5-472B-A35C-C38CC56D3628}.Ad-Hoc|iPhone.Build.0 = Debug|Any CPU
		{053A93A7-6DE5-472B-A35C-C38CC56D3628}.Ad-Hoc|iPhone.Deploy.0 = Debug|Any CPU
		{053A93A7-6DE5-472B-A35C-C38CC56D3628}.Ad-Hoc|iPhoneSimulator.ActiveCfg = Debug|Any CPU
		{053A93A7-6DE5-472B-A35C-C38CC56D3628}.Ad-Hoc|iPhoneSimulator.Build.0 = Debug|Any CPU
		{053A93A7-6DE5-472B-A35C-C38CC56D3628}.Ad-Hoc|iPhoneSimulator.Deploy.0 = Debug|Any CPU
		{053A93A7-6DE5-472B-A35C-C38CC56D3628}.AppStore|Any CPU.ActiveCfg = Debug|Any CPU
		{053A93A7-6DE5-472B-A35C-C38CC56D3628}.AppStore|Any CPU.Build.0 = Debug|Any CPU
		{053A93A7-6DE5-472B-A35C-C38CC56D3628}.AppStore|Any CPU.Deploy.0 = Debug|Any CPU
		{053A93A7-6DE5-472B-A35C-C38CC56D3628}.AppStore|iPhone.ActiveCfg = Debug|Any CPU
		{053A93A7-6DE5-472B-A35C-C38CC56D3628}.AppStore|iPhone.Build.0 = Debug|Any CPU
		{053A93A7-6DE5-472B-A35C-C38CC56D3628}.AppStore|iPhone.Deploy.0 = Debug|Any CPU
		{053A93A7-6DE5-472B-A35C-C38CC56D3628}.AppStore|iPhoneSimulator.ActiveCfg = Debug|Any CPU
		{053A93A7-6DE5-472B-A35C-C38CC56D3628}.AppStore|iPhoneSimulator.Build.0 = Debug|Any CPU
		{053A93A7-6DE5-472B-A35C-C38CC56D3628}.AppStore|iPhoneSimulator.Deploy.0 = Debug|Any CPU
		{053A93A7-6DE5-472B-A35C-C38CC56D3628}.Debug|Any CPU.ActiveCfg = Debug|Any CPU
		{053A93A7-6DE5-472B-A35C-C38CC56D3628}.Debug|Any CPU.Build.0 = Debug|Any CPU
		{053A93A7-6DE5-472B-A35C-C38CC56D3628}.Debug|Any CPU.Deploy.0 = Debug|Any CPU
		{053A93A7-6DE5-472B-A35C-C38CC56D3628}.Debug|iPhone.ActiveCfg = Debug|Any CPU
		{053A93A7-6DE5-472B-A35C-C38CC56D3628}.Debug|iPhone.Build.0 = Debug|Any CPU
		{053A93A7-6DE5-472B-A35C-C38CC56D3628}.Debug|iPhone.Deploy.0 = Debug|Any CPU
		{053A93A7-6DE5-472B-A35C-C38CC56D3628}.Debug|iPhoneSimulator.ActiveCfg = Debug|Any CPU
		{053A93A7-6DE5-472B-A35C-C38CC56D3628}.Debug|iPhoneSimulator.Build.0 = Debug|Any CPU
		{053A93A7-6DE5-472B-A35C-C38CC56D3628}.Debug|iPhoneSimulator.Deploy.0 = Debug|Any CPU
		{053A93A7-6DE5-472B-A35C-C38CC56D3628}.Release|Any CPU.ActiveCfg = Release|Any CPU
		{053A93A7-6DE5-472B-A35C-C38CC56D3628}.Release|Any CPU.Build.0 = Release|Any CPU
		{053A93A7-6DE5-472B-A35C-C38CC56D3628}.Release|Any CPU.Deploy.0 = Release|Any CPU
		{053A93A7-6DE5-472B-A35C-C38CC56D3628}.Release|iPhone.ActiveCfg = Release|Any CPU
		{053A93A7-6DE5-472B-A35C-C38CC56D3628}.Release|iPhone.Build.0 = Release|Any CPU
		{053A93A7-6DE5-472B-A35C-C38CC56D3628}.Release|iPhone.Deploy.0 = Release|Any CPU
		{053A93A7-6DE5-472B-A35C-C38CC56D3628}.Release|iPhoneSimulator.ActiveCfg = Release|Any CPU
		{053A93A7-6DE5-472B-A35C-C38CC56D3628}.Release|iPhoneSimulator.Build.0 = Release|Any CPU
		{053A93A7-6DE5-472B-A35C-C38CC56D3628}.Release|iPhoneSimulator.Deploy.0 = Release|Any CPU
	EndGlobalSection
	GlobalSection(SolutionProperties) = preSolution
		HideSolutionNode = FALSE
	EndGlobalSection
	GlobalSection(ExtensibilityGlobals) = postSolution
		SolutionGuid = {96FE3A04-FD74-4363-85BA-798D3196EAF0}
	EndGlobalSection
EndGlobal
